
Microsoft Visual Studio Solution File, Format Version 12.00
Project("{FAE04EC0-301F-11D3-BF4B-00C04F79EFBC}") = "WebLABA_3", "WebLABA_3\WebLABA_3.csproj", "{3CF69062-8962-498C-94A0-F86E54BD0E46}"
EndProject
Global
	GlobalSection(SolutionConfigurationPlatforms) = preSolution
		Debug|Any CPU = Debug|Any CPU
		Release|Any CPU = Release|Any CPU
	EndGlobalSection
	GlobalSection(ProjectConfigurationPlatforms) = postSolution
		{3CF69062-8962-498C-94A0-F86E54BD0E46}.Debug|Any CPU.ActiveCfg = Debug|Any CPU
		{3CF69062-8962-498C-94A0-F86E54BD0E46}.Debug|Any CPU.Build.0 = Debug|Any CPU
		{3CF69062-8962-498C-94A0-F86E54BD0E46}.Release|Any CPU.ActiveCfg = Release|Any CPU
		{3CF69062-8962-498C-94A0-F86E54BD0E46}.Release|Any CPU.Build.0 = Release|Any CPU
	EndGlobalSection
EndGlobal
